
Microsoft Visual Studio Solution File, Format Version 11.00
# Visual Studio 2010
Project("{FAE04EC0-301F-11D3-BF4B-00C04F79EFBC}") = "platfom2d", "Assembly-CSharp.csproj", "{CD78DE2A-7616-CAF2-00F5-191B2894C6CE}"
EndProject
Global
	GlobalSection(SolutionConfigurationPlatforms) = preSolution
		Debug|Any CPU = Debug|Any CPU
		Release|Any CPU = Release|Any CPU
	EndGlobalSection
	GlobalSection(ProjectConfigurationPlatforms) = postSolution
		{CD78DE2A-7616-CAF2-00F5-191B2894C6CE}.Debug|Any CPU.ActiveCfg = Debug|Any CPU
		{CD78DE2A-7616-CAF2-00F5-191B2894C6CE}.Debug|Any CPU.Build.0 = Debug|Any CPU
		{CD78DE2A-7616-CAF2-00F5-191B2894C6CE}.Release|Any CPU.ActiveCfg = Release|Any CPU
		{CD78DE2A-7616-CAF2-00F5-191B2894C6CE}.Release|Any CPU.Build.0 = Release|Any CPU
	EndGlobalSection
	GlobalSection(SolutionProperties) = preSolution
		HideSolutionNode = FALSE
	EndGlobalSection
	GlobalSection(MonoDevelopProperties) = preSolution
		StartupItem = Assembly-CSharp.csproj
	EndGlobalSection
EndGlobal
